
Microsoft Visual Studio Solution File, Format Version 12.00
# Visual Studio 15
VisualStudioVersion = 15.0.27130.2010
MinimumVisualStudioVersion = 10.0.40219.1
Project("{FAE04EC0-301F-11D3-BF4B-00C04F79EFBC}") = "Ejer11", "Ejer11\Ejer11.csproj", "{01738959-815B-4F1A-A8EB-D2E8BB5C3D8D}"
EndProject
Global
	GlobalSection(SolutionConfigurationPlatforms) = preSolution
		Debug|Any CPU = Debug|Any CPU
		Release|Any CPU = Release|Any CPU
	EndGlobalSection
	GlobalSection(ProjectConfigurationPlatforms) = postSolution
		{01738959-815B-4F1A-A8EB-D2E8BB5C3D8D}.Debug|Any CPU.ActiveCfg = Debug|Any CPU
		{01738959-815B-4F1A-A8EB-D2E8BB5C3D8D}.Debug|Any CPU.Build.0 = Debug|Any CPU
		{01738959-815B-4F1A-A8EB-D2E8BB5C3D8D}.Release|Any CPU.ActiveCfg = Release|Any CPU
		{01738959-815B-4F1A-A8EB-D2E8BB5C3D8D}.Release|Any CPU.Build.0 = Release|Any CPU
	EndGlobalSection
	GlobalSection(SolutionProperties) = preSolution
		HideSolutionNode = FALSE
	EndGlobalSection
	GlobalSection(ExtensibilityGlobals) = postSolution
		SolutionGuid = {7CB5C54C-44F6-4BB0-ABE1-F4F9CDB36CA8}
	EndGlobalSection
EndGlobal
