
Microsoft Visual Studio Solution File, Format Version 12.00
# Visual Studio 15
VisualStudioVersion = 15.0.27004.2005
MinimumVisualStudioVersion = 10.0.40219.1
Project("{FAE04EC0-301F-11D3-BF4B-00C04F79EFBC}") = "Ejer9", "Ejer9\Ejer9.csproj", "{F0F615EB-6B30-4384-9271-731C0DCADE55}"
EndProject
Global
	GlobalSection(SolutionConfigurationPlatforms) = preSolution
		Debug|Any CPU = Debug|Any CPU
		Release|Any CPU = Release|Any CPU
	EndGlobalSection
	GlobalSection(ProjectConfigurationPlatforms) = postSolution
		{F0F615EB-6B30-4384-9271-731C0DCADE55}.Debug|Any CPU.ActiveCfg = Debug|Any CPU
		{F0F615EB-6B30-4384-9271-731C0DCADE55}.Debug|Any CPU.Build.0 = Debug|Any CPU
		{F0F615EB-6B30-4384-9271-731C0DCADE55}.Release|Any CPU.ActiveCfg = Release|Any CPU
		{F0F615EB-6B30-4384-9271-731C0DCADE55}.Release|Any CPU.Build.0 = Release|Any CPU
	EndGlobalSection
	GlobalSection(SolutionProperties) = preSolution
		HideSolutionNode = FALSE
	EndGlobalSection
	GlobalSection(ExtensibilityGlobals) = postSolution
		SolutionGuid = {26EB109E-86D8-434C-A4B3-54654778CCA6}
	EndGlobalSection
EndGlobal
