
Microsoft Visual Studio Solution File, Format Version 12.00
# Visual Studio 2012
Project("{FAE04EC0-301F-11D3-BF4B-00C04F79EFBC}") = "Ejer1", "Ejer1\Ejer1.csproj", "{5C57AA6D-0ACB-4EED-BB98-8F8A21C018CF}"
EndProject
Project("{FAE04EC0-301F-11D3-BF4B-00C04F79EFBC}") = "PruebaDLL", "PruebaDLL\PruebaDLL.csproj", "{1EC39BEB-07DF-43A7-965E-CF8BC4C0A30C}"
EndProject
Global
	GlobalSection(SolutionConfigurationPlatforms) = preSolution
		Debug|Any CPU = Debug|Any CPU
		Release|Any CPU = Release|Any CPU
	EndGlobalSection
	GlobalSection(ProjectConfigurationPlatforms) = postSolution
		{5C57AA6D-0ACB-4EED-BB98-8F8A21C018CF}.Debug|Any CPU.ActiveCfg = Debug|Any CPU
		{5C57AA6D-0ACB-4EED-BB98-8F8A21C018CF}.Debug|Any CPU.Build.0 = Debug|Any CPU
		{5C57AA6D-0ACB-4EED-BB98-8F8A21C018CF}.Release|Any CPU.ActiveCfg = Release|Any CPU
		{5C57AA6D-0ACB-4EED-BB98-8F8A21C018CF}.Release|Any CPU.Build.0 = Release|Any CPU
		{1EC39BEB-07DF-43A7-965E-CF8BC4C0A30C}.Debug|Any CPU.ActiveCfg = Debug|Any CPU
		{1EC39BEB-07DF-43A7-965E-CF8BC4C0A30C}.Debug|Any CPU.Build.0 = Debug|Any CPU
		{1EC39BEB-07DF-43A7-965E-CF8BC4C0A30C}.Release|Any CPU.ActiveCfg = Release|Any CPU
		{1EC39BEB-07DF-43A7-965E-CF8BC4C0A30C}.Release|Any CPU.Build.0 = Release|Any CPU
	EndGlobalSection
	GlobalSection(SolutionProperties) = preSolution
		HideSolutionNode = FALSE
	EndGlobalSection
EndGlobal
