
Microsoft Visual Studio Solution File, Format Version 12.00
# Visual Studio 2012
Project("{FAE04EC0-301F-11D3-BF4B-00C04F79EFBC}") = "App_RedireccionarSalidaConsola", "App_RedireccionarSalidaConsola\App_RedireccionarSalidaConsola.csproj", "{B523BE0A-3FA7-4B31-91F9-1871529039AA}"
EndProject
Global
	GlobalSection(SolutionConfigurationPlatforms) = preSolution
		Debug|Any CPU = Debug|Any CPU
		Release|Any CPU = Release|Any CPU
	EndGlobalSection
	GlobalSection(ProjectConfigurationPlatforms) = postSolution
		{B523BE0A-3FA7-4B31-91F9-1871529039AA}.Debug|Any CPU.ActiveCfg = Debug|Any CPU
		{B523BE0A-3FA7-4B31-91F9-1871529039AA}.Debug|Any CPU.Build.0 = Debug|Any CPU
		{B523BE0A-3FA7-4B31-91F9-1871529039AA}.Release|Any CPU.ActiveCfg = Release|Any CPU
		{B523BE0A-3FA7-4B31-91F9-1871529039AA}.Release|Any CPU.Build.0 = Release|Any CPU
	EndGlobalSection
	GlobalSection(SolutionProperties) = preSolution
		HideSolutionNode = FALSE
	EndGlobalSection
EndGlobal
