
Microsoft Visual Studio Solution File, Format Version 12.00
# Visual Studio 15
VisualStudioVersion = 15.0.27130.2010
MinimumVisualStudioVersion = 10.0.40219.1
Project("{FAE04EC0-301F-11D3-BF4B-00C04F79EFBC}") = "Ejer19", "Ejer19\Ejer19.csproj", "{373F86D8-11C5-40A3-A5D9-5381B743858C}"
EndProject
Global
	GlobalSection(SolutionConfigurationPlatforms) = preSolution
		Debug|Any CPU = Debug|Any CPU
		Release|Any CPU = Release|Any CPU
	EndGlobalSection
	GlobalSection(ProjectConfigurationPlatforms) = postSolution
		{373F86D8-11C5-40A3-A5D9-5381B743858C}.Debug|Any CPU.ActiveCfg = Debug|Any CPU
		{373F86D8-11C5-40A3-A5D9-5381B743858C}.Debug|Any CPU.Build.0 = Debug|Any CPU
		{373F86D8-11C5-40A3-A5D9-5381B743858C}.Release|Any CPU.ActiveCfg = Release|Any CPU
		{373F86D8-11C5-40A3-A5D9-5381B743858C}.Release|Any CPU.Build.0 = Release|Any CPU
	EndGlobalSection
	GlobalSection(SolutionProperties) = preSolution
		HideSolutionNode = FALSE
	EndGlobalSection
	GlobalSection(ExtensibilityGlobals) = postSolution
		SolutionGuid = {5C101576-A1B0-431F-840E-B95DFF457EA7}
	EndGlobalSection
EndGlobal
