
Microsoft Visual Studio Solution File, Format Version 12.00
# Visual Studio 15
VisualStudioVersion = 15.0.27130.2010
MinimumVisualStudioVersion = 10.0.40219.1
Project("{FAE04EC0-301F-11D3-BF4B-00C04F79EFBC}") = "Ejer15", "Ejer15\Ejer15.csproj", "{5F9C1463-9EF5-4741-BB62-0DA246359CEA}"
EndProject
Global
	GlobalSection(SolutionConfigurationPlatforms) = preSolution
		Debug|Any CPU = Debug|Any CPU
		Release|Any CPU = Release|Any CPU
	EndGlobalSection
	GlobalSection(ProjectConfigurationPlatforms) = postSolution
		{5F9C1463-9EF5-4741-BB62-0DA246359CEA}.Debug|Any CPU.ActiveCfg = Debug|Any CPU
		{5F9C1463-9EF5-4741-BB62-0DA246359CEA}.Debug|Any CPU.Build.0 = Debug|Any CPU
		{5F9C1463-9EF5-4741-BB62-0DA246359CEA}.Release|Any CPU.ActiveCfg = Release|Any CPU
		{5F9C1463-9EF5-4741-BB62-0DA246359CEA}.Release|Any CPU.Build.0 = Release|Any CPU
	EndGlobalSection
	GlobalSection(SolutionProperties) = preSolution
		HideSolutionNode = FALSE
	EndGlobalSection
	GlobalSection(ExtensibilityGlobals) = postSolution
		SolutionGuid = {12DE63BD-B8A0-49DE-AE4B-A43959186557}
	EndGlobalSection
EndGlobal
