
Microsoft Visual Studio Solution File, Format Version 12.00
# Visual Studio 2012
Project("{FAE04EC0-301F-11D3-BF4B-00C04F79EFBC}") = "Enumeraciones2", "Enumeraciones2\Enumeraciones2.csproj", "{FAAF2E9C-6A6C-4230-8462-3E8C02801625}"
EndProject
Global
	GlobalSection(SolutionConfigurationPlatforms) = preSolution
		Debug|Any CPU = Debug|Any CPU
		Release|Any CPU = Release|Any CPU
	EndGlobalSection
	GlobalSection(ProjectConfigurationPlatforms) = postSolution
		{FAAF2E9C-6A6C-4230-8462-3E8C02801625}.Debug|Any CPU.ActiveCfg = Debug|Any CPU
		{FAAF2E9C-6A6C-4230-8462-3E8C02801625}.Debug|Any CPU.Build.0 = Debug|Any CPU
		{FAAF2E9C-6A6C-4230-8462-3E8C02801625}.Release|Any CPU.ActiveCfg = Release|Any CPU
		{FAAF2E9C-6A6C-4230-8462-3E8C02801625}.Release|Any CPU.Build.0 = Release|Any CPU
	EndGlobalSection
	GlobalSection(SolutionProperties) = preSolution
		HideSolutionNode = FALSE
	EndGlobalSection
EndGlobal
