
Microsoft Visual Studio Solution File, Format Version 12.00
# Visual Studio 15
VisualStudioVersion = 15.0.27130.2010
MinimumVisualStudioVersion = 10.0.40219.1
Project("{FAE04EC0-301F-11D3-BF4B-00C04F79EFBC}") = "Ejer12", "Ejer12\Ejer12.csproj", "{9A4471D7-1CFD-4551-8B09-17261A7356B9}"
EndProject
Global
	GlobalSection(SolutionConfigurationPlatforms) = preSolution
		Debug|Any CPU = Debug|Any CPU
		Release|Any CPU = Release|Any CPU
	EndGlobalSection
	GlobalSection(ProjectConfigurationPlatforms) = postSolution
		{9A4471D7-1CFD-4551-8B09-17261A7356B9}.Debug|Any CPU.ActiveCfg = Debug|Any CPU
		{9A4471D7-1CFD-4551-8B09-17261A7356B9}.Debug|Any CPU.Build.0 = Debug|Any CPU
		{9A4471D7-1CFD-4551-8B09-17261A7356B9}.Release|Any CPU.ActiveCfg = Release|Any CPU
		{9A4471D7-1CFD-4551-8B09-17261A7356B9}.Release|Any CPU.Build.0 = Release|Any CPU
	EndGlobalSection
	GlobalSection(SolutionProperties) = preSolution
		HideSolutionNode = FALSE
	EndGlobalSection
	GlobalSection(ExtensibilityGlobals) = postSolution
		SolutionGuid = {BB80D0F6-300E-46C9-9879-C99442E24D2E}
	EndGlobalSection
EndGlobal
