
Microsoft Visual Studio Solution File, Format Version 12.00
# Visual Studio 2012
Project("{FAE04EC0-301F-11D3-BF4B-00C04F79EFBC}") = "App_PruebaDLL_Persona", "App_PruebaDLL_Persona\App_PruebaDLL_Persona.csproj", "{0823A759-3766-440E-A5A3-285FC1D94592}"
EndProject
Global
	GlobalSection(SolutionConfigurationPlatforms) = preSolution
		Debug|Any CPU = Debug|Any CPU
		Release|Any CPU = Release|Any CPU
	EndGlobalSection
	GlobalSection(ProjectConfigurationPlatforms) = postSolution
		{0823A759-3766-440E-A5A3-285FC1D94592}.Debug|Any CPU.ActiveCfg = Debug|Any CPU
		{0823A759-3766-440E-A5A3-285FC1D94592}.Debug|Any CPU.Build.0 = Debug|Any CPU
		{0823A759-3766-440E-A5A3-285FC1D94592}.Release|Any CPU.ActiveCfg = Release|Any CPU
		{0823A759-3766-440E-A5A3-285FC1D94592}.Release|Any CPU.Build.0 = Release|Any CPU
	EndGlobalSection
	GlobalSection(SolutionProperties) = preSolution
		HideSolutionNode = FALSE
	EndGlobalSection
EndGlobal
