
Microsoft Visual Studio Solution File, Format Version 12.00
# Visual Studio 2012
Project("{FAE04EC0-301F-11D3-BF4B-00C04F79EFBC}") = "App_POO_SobrecargaDeOperadores", "App_POO_SobrecargaDeOperadores\App_POO_SobrecargaDeOperadores.csproj", "{454A725C-6974-4877-B6A3-C30B98D736D2}"
EndProject
Global
	GlobalSection(SolutionConfigurationPlatforms) = preSolution
		Debug|Any CPU = Debug|Any CPU
		Release|Any CPU = Release|Any CPU
	EndGlobalSection
	GlobalSection(ProjectConfigurationPlatforms) = postSolution
		{454A725C-6974-4877-B6A3-C30B98D736D2}.Debug|Any CPU.ActiveCfg = Debug|Any CPU
		{454A725C-6974-4877-B6A3-C30B98D736D2}.Debug|Any CPU.Build.0 = Debug|Any CPU
		{454A725C-6974-4877-B6A3-C30B98D736D2}.Release|Any CPU.ActiveCfg = Release|Any CPU
		{454A725C-6974-4877-B6A3-C30B98D736D2}.Release|Any CPU.Build.0 = Release|Any CPU
	EndGlobalSection
	GlobalSection(SolutionProperties) = preSolution
		HideSolutionNode = FALSE
	EndGlobalSection
EndGlobal
