
Microsoft Visual Studio Solution File, Format Version 12.00
# Visual Studio 2012
Project("{FAE04EC0-301F-11D3-BF4B-00C04F79EFBC}") = "App_POO_Constructores", "App_POO_Constructores\App_POO_Constructores.csproj", "{C87EDFA3-92BA-4F4D-9ABD-ECC92BC67EDF}"
EndProject
Global
	GlobalSection(SolutionConfigurationPlatforms) = preSolution
		Debug|Any CPU = Debug|Any CPU
		Release|Any CPU = Release|Any CPU
	EndGlobalSection
	GlobalSection(ProjectConfigurationPlatforms) = postSolution
		{C87EDFA3-92BA-4F4D-9ABD-ECC92BC67EDF}.Debug|Any CPU.ActiveCfg = Debug|Any CPU
		{C87EDFA3-92BA-4F4D-9ABD-ECC92BC67EDF}.Debug|Any CPU.Build.0 = Debug|Any CPU
		{C87EDFA3-92BA-4F4D-9ABD-ECC92BC67EDF}.Release|Any CPU.ActiveCfg = Release|Any CPU
		{C87EDFA3-92BA-4F4D-9ABD-ECC92BC67EDF}.Release|Any CPU.Build.0 = Release|Any CPU
	EndGlobalSection
	GlobalSection(SolutionProperties) = preSolution
		HideSolutionNode = FALSE
	EndGlobalSection
EndGlobal
