
Microsoft Visual Studio Solution File, Format Version 12.00
# Visual Studio 15
VisualStudioVersion = 15.0.27004.2009
MinimumVisualStudioVersion = 10.0.40219.1
Project("{FAE04EC0-301F-11D3-BF4B-00C04F79EFBC}") = "Ejer8", "Ejer8\Ejer8.csproj", "{56B4BC1A-2F77-4B15-9257-FBE9B1DE596F}"
EndProject
Global
	GlobalSection(SolutionConfigurationPlatforms) = preSolution
		Debug|Any CPU = Debug|Any CPU
		Release|Any CPU = Release|Any CPU
	EndGlobalSection
	GlobalSection(ProjectConfigurationPlatforms) = postSolution
		{56B4BC1A-2F77-4B15-9257-FBE9B1DE596F}.Debug|Any CPU.ActiveCfg = Debug|Any CPU
		{56B4BC1A-2F77-4B15-9257-FBE9B1DE596F}.Debug|Any CPU.Build.0 = Debug|Any CPU
		{56B4BC1A-2F77-4B15-9257-FBE9B1DE596F}.Release|Any CPU.ActiveCfg = Release|Any CPU
		{56B4BC1A-2F77-4B15-9257-FBE9B1DE596F}.Release|Any CPU.Build.0 = Release|Any CPU
	EndGlobalSection
	GlobalSection(SolutionProperties) = preSolution
		HideSolutionNode = FALSE
	EndGlobalSection
	GlobalSection(ExtensibilityGlobals) = postSolution
		SolutionGuid = {2D66E754-B981-47D7-8DDA-707BD1A68A3D}
	EndGlobalSection
EndGlobal
