
Microsoft Visual Studio Solution File, Format Version 12.00
# Visual Studio 2012
Project("{FAE04EC0-301F-11D3-BF4B-00C04F79EFBC}") = "App_Fic_ClasePath", "App_Fic_ClasePath\App_Fic_ClasePath.csproj", "{1CC28204-13FC-4296-A833-6BB2700FFBAE}"
EndProject
Global
	GlobalSection(SolutionConfigurationPlatforms) = preSolution
		Debug|Any CPU = Debug|Any CPU
		Release|Any CPU = Release|Any CPU
	EndGlobalSection
	GlobalSection(ProjectConfigurationPlatforms) = postSolution
		{1CC28204-13FC-4296-A833-6BB2700FFBAE}.Debug|Any CPU.ActiveCfg = Debug|Any CPU
		{1CC28204-13FC-4296-A833-6BB2700FFBAE}.Debug|Any CPU.Build.0 = Debug|Any CPU
		{1CC28204-13FC-4296-A833-6BB2700FFBAE}.Release|Any CPU.ActiveCfg = Release|Any CPU
		{1CC28204-13FC-4296-A833-6BB2700FFBAE}.Release|Any CPU.Build.0 = Release|Any CPU
	EndGlobalSection
	GlobalSection(SolutionProperties) = preSolution
		HideSolutionNode = FALSE
	EndGlobalSection
EndGlobal
