
Microsoft Visual Studio Solution File, Format Version 12.00
# Visual Studio 2012
Project("{FAE04EC0-301F-11D3-BF4B-00C04F79EFBC}") = "App_SerializaPersona", "App_SerializaPersona\App_SerializaPersona.csproj", "{7E29F6CC-5928-4DED-B1F7-E4BDFBC89187}"
EndProject
Global
	GlobalSection(SolutionConfigurationPlatforms) = preSolution
		Debug|Any CPU = Debug|Any CPU
		Release|Any CPU = Release|Any CPU
	EndGlobalSection
	GlobalSection(ProjectConfigurationPlatforms) = postSolution
		{7E29F6CC-5928-4DED-B1F7-E4BDFBC89187}.Debug|Any CPU.ActiveCfg = Debug|Any CPU
		{7E29F6CC-5928-4DED-B1F7-E4BDFBC89187}.Debug|Any CPU.Build.0 = Debug|Any CPU
		{7E29F6CC-5928-4DED-B1F7-E4BDFBC89187}.Release|Any CPU.ActiveCfg = Release|Any CPU
		{7E29F6CC-5928-4DED-B1F7-E4BDFBC89187}.Release|Any CPU.Build.0 = Release|Any CPU
	EndGlobalSection
	GlobalSection(SolutionProperties) = preSolution
		HideSolutionNode = FALSE
	EndGlobalSection
EndGlobal
