
Microsoft Visual Studio Solution File, Format Version 12.00
# Visual Studio 2012
Project("{FAE04EC0-301F-11D3-BF4B-00C04F79EFBC}") = "App_StreamWriter", "App_StreamWriter\App_StreamWriter.csproj", "{51750DAE-8DF8-468B-8C44-69A81E0CC14E}"
EndProject
Global
	GlobalSection(SolutionConfigurationPlatforms) = preSolution
		Debug|Any CPU = Debug|Any CPU
		Release|Any CPU = Release|Any CPU
	EndGlobalSection
	GlobalSection(ProjectConfigurationPlatforms) = postSolution
		{51750DAE-8DF8-468B-8C44-69A81E0CC14E}.Debug|Any CPU.ActiveCfg = Debug|Any CPU
		{51750DAE-8DF8-468B-8C44-69A81E0CC14E}.Debug|Any CPU.Build.0 = Debug|Any CPU
		{51750DAE-8DF8-468B-8C44-69A81E0CC14E}.Release|Any CPU.ActiveCfg = Release|Any CPU
		{51750DAE-8DF8-468B-8C44-69A81E0CC14E}.Release|Any CPU.Build.0 = Release|Any CPU
	EndGlobalSection
	GlobalSection(SolutionProperties) = preSolution
		HideSolutionNode = FALSE
	EndGlobalSection
EndGlobal
